
Microsoft Visual Studio Solution File, Format Version 12.00
# Visual Studio 15
VisualStudioVersion = 15.0.28307.168
MinimumVisualStudioVersion = 10.0.40219.1
Project("{FAE04EC0-301F-11D3-BF4B-00C04F79EFBC}") = "C0707995-c0709562", "C0707995-c0709562\C0707995-c0709562.csproj", "{AF00524D-502F-459B-BC6F-0346B39EDD16}"
EndProject
Global
	GlobalSection(SolutionConfigurationPlatforms) = preSolution
		Debug|Any CPU = Debug|Any CPU
		Release|Any CPU = Release|Any CPU
	EndGlobalSection
	GlobalSection(ProjectConfigurationPlatforms) = postSolution
		{AF00524D-502F-459B-BC6F-0346B39EDD16}.Debug|Any CPU.ActiveCfg = Debug|Any CPU
		{AF00524D-502F-459B-BC6F-0346B39EDD16}.Debug|Any CPU.Build.0 = Debug|Any CPU
		{AF00524D-502F-459B-BC6F-0346B39EDD16}.Release|Any CPU.ActiveCfg = Release|Any CPU
		{AF00524D-502F-459B-BC6F-0346B39EDD16}.Release|Any CPU.Build.0 = Release|Any CPU
	EndGlobalSection
	GlobalSection(SolutionProperties) = preSolution
		HideSolutionNode = FALSE
	EndGlobalSection
	GlobalSection(ExtensibilityGlobals) = postSolution
		SolutionGuid = {84A4BC0E-6410-4140-AC2D-9C6DDC66E484}
	EndGlobalSection
EndGlobal
